
Microsoft Visual Studio Solution File, Format Version 12.00
# Visual Studio Version 16
VisualStudioVersion = 16.0.31005.135
MinimumVisualStudioVersion = 10.0.40219.1
Project("{FAE04EC0-301F-11D3-BF4B-00C04F79EFBC}") = "Product Queries", "Product Queries\Product Queries.csproj", "{4AAF2C24-6079-4A33-98E9-4508E6FC6C34}"
EndProject
Global
	GlobalSection(SolutionConfigurationPlatforms) = preSolution
		Debug|Any CPU = Debug|Any CPU
		Release|Any CPU = Release|Any CPU
	EndGlobalSection
	GlobalSection(ProjectConfigurationPlatforms) = postSolution
		{4AAF2C24-6079-4A33-98E9-4508E6FC6C34}.Debug|Any CPU.ActiveCfg = Debug|Any CPU
		{4AAF2C24-6079-4A33-98E9-4508E6FC6C34}.Debug|Any CPU.Build.0 = Debug|Any CPU
		{4AAF2C24-6079-4A33-98E9-4508E6FC6C34}.Release|Any CPU.ActiveCfg = Release|Any CPU
		{4AAF2C24-6079-4A33-98E9-4508E6FC6C34}.Release|Any CPU.Build.0 = Release|Any CPU
	EndGlobalSection
	GlobalSection(SolutionProperties) = preSolution
		HideSolutionNode = FALSE
	EndGlobalSection
	GlobalSection(ExtensibilityGlobals) = postSolution
		SolutionGuid = {530A97D9-762A-4A12-8562-F2953B4B9C67}
	EndGlobalSection
EndGlobal
